
Microsoft Visual Studio Solution File, Format Version 12.00
# Visual Studio Version 17
VisualStudioVersion = 17.9.34723.18
MinimumVisualStudioVersion = 10.0.40219.1
Project("{FAE04EC0-301F-11D3-BF4B-00C04F79EFBC}") = "SavingsAccountWebAPI", "SavingsAccountWebAPI\SavingsAccountWebAPI.csproj", "{7B6195AA-04F6-46A2-853A-0983C21C227E}"
EndProject
Global
	GlobalSection(SolutionConfigurationPlatforms) = preSolution
		Debug|Any CPU = Debug|Any CPU
		Release|Any CPU = Release|Any CPU
	EndGlobalSection
	GlobalSection(ProjectConfigurationPlatforms) = postSolution
		{7B6195AA-04F6-46A2-853A-0983C21C227E}.Debug|Any CPU.ActiveCfg = Debug|Any CPU
		{7B6195AA-04F6-46A2-853A-0983C21C227E}.Debug|Any CPU.Build.0 = Debug|Any CPU
		{7B6195AA-04F6-46A2-853A-0983C21C227E}.Release|Any CPU.ActiveCfg = Release|Any CPU
		{7B6195AA-04F6-46A2-853A-0983C21C227E}.Release|Any CPU.Build.0 = Release|Any CPU
	EndGlobalSection
	GlobalSection(SolutionProperties) = preSolution
		HideSolutionNode = FALSE
	EndGlobalSection
	GlobalSection(ExtensibilityGlobals) = postSolution
		SolutionGuid = {AD7BD541-53DC-4BC4-9718-D02D809DEF45}
	EndGlobalSection
EndGlobal
